
Microsoft Visual Studio Solution File, Format Version 12.00
# Visual Studio 2013
VisualStudioVersion = 12.0.31101.0
MinimumVisualStudioVersion = 10.0.40219.1
Project("{D954291E-2A0B-460D-934E-DC6B0785DB48}") = "PowerChat", "PowerChat\PowerChat\PowerChat.shproj", "{493065B9-6CAF-46F9-AB33-F6D0DC75A418}"
EndProject
Project("{FAE04EC0-301F-11D3-BF4B-00C04F79EFBC}") = "PowerChat.WinPhone", "PowerChat\PowerChat.WinPhone\PowerChat.WinPhone.csproj", "{4E329F28-FD3E-4AC7-882B-29EB7A1B30BC}"
EndProject
Project("{FAE04EC0-301F-11D3-BF4B-00C04F79EFBC}") = "PowerChat.iOS", "PowerChat\PowerChat.iOS\PowerChat.iOS.csproj", "{1BAE7A8A-8174-471B-9FD7-0F3C19AACF6D}"
EndProject
Project("{FAE04EC0-301F-11D3-BF4B-00C04F79EFBC}") = "PowerChat.Droid", "PowerChat\PowerChat.Droid\PowerChat.Droid.csproj", "{F40FDA27-9CB8-4A7B-9428-7F0FE047792F}"
EndProject
Global
	GlobalSection(SharedMSBuildProjectFiles) = preSolution
		PowerChat\PowerChat\PowerChat.projitems*{1bae7a8a-8174-471b-9fd7-0f3c19aacf6d}*SharedItemsImports = 4
		PowerChat\PowerChat\PowerChat.projitems*{4e329f28-fd3e-4ac7-882b-29eb7a1b30bc}*SharedItemsImports = 4
		PowerChat\PowerChat\PowerChat.projitems*{493065b9-6caf-46f9-ab33-f6d0dc75a418}*SharedItemsImports = 13
		PowerChat\PowerChat\PowerChat.projitems*{f40fda27-9cb8-4a7b-9428-7f0fe047792f}*SharedItemsImports = 4
	EndGlobalSection
	GlobalSection(SolutionConfigurationPlatforms) = preSolution
		Ad-Hoc|Any CPU = Ad-Hoc|Any CPU
		Ad-Hoc|ARM = Ad-Hoc|ARM
		Ad-Hoc|iPhone = Ad-Hoc|iPhone
		Ad-Hoc|iPhoneSimulator = Ad-Hoc|iPhoneSimulator
		Ad-Hoc|Mixed Platforms = Ad-Hoc|Mixed Platforms
		Ad-Hoc|x86 = Ad-Hoc|x86
		AppStore|Any CPU = AppStore|Any CPU
		AppStore|ARM = AppStore|ARM
		AppStore|iPhone = AppStore|iPhone
		AppStore|iPhoneSimulator = AppStore|iPhoneSimulator
		AppStore|Mixed Platforms = AppStore|Mixed Platforms
		AppStore|x86 = AppStore|x86
		Debug|Any CPU = Debug|Any CPU
		Debug|ARM = Debug|ARM
		Debug|iPhone = Debug|iPhone
		Debug|iPhoneSimulator = Debug|iPhoneSimulator
		Debug|Mixed Platforms = Debug|Mixed Platforms
		Debug|x86 = Debug|x86
		Release|Any CPU = Release|Any CPU
		Release|ARM = Release|ARM
		Release|iPhone = Release|iPhone
		Release|iPhoneSimulator = Release|iPhoneSimulator
		Release|Mixed Platforms = Release|Mixed Platforms
		Release|x86 = Release|x86
	EndGlobalSection
	GlobalSection(ProjectConfigurationPlatforms) = postSolution
		{4E329F28-FD3E-4AC7-882B-29EB7A1B30BC}.Ad-Hoc|Any CPU.ActiveCfg = Release|Any CPU
		{4E329F28-FD3E-4AC7-882B-29EB7A1B30BC}.Ad-Hoc|Any CPU.Build.0 = Release|Any CPU
		{4E329F28-FD3E-4AC7-882B-29EB7A1B30BC}.Ad-Hoc|Any CPU.Deploy.0 = Release|Any CPU
		{4E329F28-FD3E-4AC7-882B-29EB7A1B30BC}.Ad-Hoc|ARM.ActiveCfg = Release|ARM
		{4E329F28-FD3E-4AC7-882B-29EB7A1B30BC}.Ad-Hoc|ARM.Build.0 = Release|ARM
		{4E329F28-FD3E-4AC7-882B-29EB7A1B30BC}.Ad-Hoc|ARM.Deploy.0 = Release|ARM
		{4E329F28-FD3E-4AC7-882B-29EB7A1B30BC}.Ad-Hoc|iPhone.ActiveCfg = Release|Any CPU
		{4E329F28-FD3E-4AC7-882B-29EB7A1B30BC}.Ad-Hoc|iPhoneSimulator.ActiveCfg = Release|Any CPU
		{4E329F28-FD3E-4AC7-882B-29EB7A1B30BC}.Ad-Hoc|Mixed Platforms.ActiveCfg = Release|x86
		{4E329F28-FD3E-4AC7-882B-29EB7A1B30BC}.Ad-Hoc|Mixed Platforms.Build.0 = Release|x86
		{4E329F28-FD3E-4AC7-882B-29EB7A1B30BC}.Ad-Hoc|Mixed Platforms.Deploy.0 = Release|x86
		{4E329F28-FD3E-4AC7-882B-29EB7A1B30BC}.Ad-Hoc|x86.ActiveCfg = Release|x86
		{4E329F28-FD3E-4AC7-882B-29EB7A1B30BC}.Ad-Hoc|x86.Build.0 = Release|x86
		{4E329F28-FD3E-4AC7-882B-29EB7A1B30BC}.Ad-Hoc|x86.Deploy.0 = Release|x86
		{4E329F28-FD3E-4AC7-882B-29EB7A1B30BC}.AppStore|Any CPU.ActiveCfg = Release|Any CPU
		{4E329F28-FD3E-4AC7-882B-29EB7A1B30BC}.AppStore|Any CPU.Build.0 = Release|Any CPU
		{4E329F28-FD3E-4AC7-882B-29EB7A1B30BC}.AppStore|Any CPU.Deploy.0 = Release|Any CPU
		{4E329F28-FD3E-4AC7-882B-29EB7A1B30BC}.AppStore|ARM.ActiveCfg = Release|ARM
		{4E329F28-FD3E-4AC7-882B-29EB7A1B30BC}.AppStore|ARM.Build.0 = Release|ARM
		{4E329F28-FD3E-4AC7-882B-29EB7A1B30BC}.AppStore|ARM.Deploy.0 = Release|ARM
		{4E329F28-FD3E-4AC7-882B-29EB7A1B30BC}.AppStore|iPhone.ActiveCfg = Release|Any CPU
		{4E329F28-FD3E-4AC7-882B-29EB7A1B30BC}.AppStore|iPhoneSimulator.ActiveCfg = Release|Any CPU
		{4E329F28-FD3E-4AC7-882B-29EB7A1B30BC}.AppStore|Mixed Platforms.ActiveCfg = Release|x86
		{4E329F28-FD3E-4AC7-882B-29EB7A1B30BC}.AppStore|Mixed Platforms.Build.0 = Release|x86
		{4E329F28-FD3E-4AC7-882B-29EB7A1B30BC}.AppStore|Mixed Platforms.Deploy.0 = Release|x86
		{4E329F28-FD3E-4AC7-882B-29EB7A1B30BC}.AppStore|x86.ActiveCfg = Release|x86
		{4E329F28-FD3E-4AC7-882B-29EB7A1B30BC}.AppStore|x86.Build.0 = Release|x86
		{4E329F28-FD3E-4AC7-882B-29EB7A1B30BC}.AppStore|x86.Deploy.0 = Release|x86
		{4E329F28-FD3E-4AC7-882B-29EB7A1B30BC}.Debug|Any CPU.ActiveCfg = Debug|Any CPU
		{4E329F28-FD3E-4AC7-882B-29EB7A1B30BC}.Debug|Any CPU.Build.0 = Debug|Any CPU
		{4E329F28-FD3E-4AC7-882B-29EB7A1B30BC}.Debug|Any CPU.Deploy.0 = Debug|Any CPU
		{4E329F28-FD3E-4AC7-882B-29EB7A1B30BC}.Debug|ARM.ActiveCfg = Debug|ARM
		{4E329F28-FD3E-4AC7-882B-29EB7A1B30BC}.Debug|ARM.Build.0 = Debug|ARM
		{4E329F28-FD3E-4AC7-882B-29EB7A1B30BC}.Debug|ARM.Deploy.0 = Debug|ARM
		{4E329F28-FD3E-4AC7-882B-29EB7A1B30BC}.Debug|iPhone.ActiveCfg = Debug|Any CPU
		{4E329F28-FD3E-4AC7-882B-29EB7A1B30BC}.Debug|iPhoneSimulator.ActiveCfg = Debug|Any CPU
		{4E329F28-FD3E-4AC7-882B-29EB7A1B30BC}.Debug|Mixed Platforms.ActiveCfg = Debug|x86
		{4E329F28-FD3E-4AC7-882B-29EB7A1B30BC}.Debug|Mixed Platforms.Build.0 = Debug|x86
		{4E329F28-FD3E-4AC7-882B-29EB7A1B30BC}.Debug|Mixed Platforms.Deploy.0 = Debug|x86
		{4E329F28-FD3E-4AC7-882B-29EB7A1B30BC}.Debug|x86.ActiveCfg = Debug|x86
		{4E329F28-FD3E-4AC7-882B-29EB7A1B30BC}.Debug|x86.Build.0 = Debug|x86
		{4E329F28-FD3E-4AC7-882B-29EB7A1B30BC}.Debug|x86.Deploy.0 = Debug|x86
		{4E329F28-FD3E-4AC7-882B-29EB7A1B30BC}.Release|Any CPU.ActiveCfg = Release|Any CPU
		{4E329F28-FD3E-4AC7-882B-29EB7A1B30BC}.Release|Any CPU.Build.0 = Release|Any CPU
		{4E329F28-FD3E-4AC7-882B-29EB7A1B30BC}.Release|Any CPU.Deploy.0 = Release|Any CPU
		{4E329F28-FD3E-4AC7-882B-29EB7A1B30BC}.Release|ARM.ActiveCfg = Release|ARM
		{4E329F28-FD3E-4AC7-882B-29EB7A1B30BC}.Release|ARM.Build.0 = Release|ARM
		{4E329F28-FD3E-4AC7-882B-29EB7A1B30BC}.Release|ARM.Deploy.0 = Release|ARM
		{4E329F28-FD3E-4AC7-882B-29EB7A1B30BC}.Release|iPhone.ActiveCfg = Release|Any CPU
		{4E329F28-FD3E-4AC7-882B-29EB7A1B30BC}.Release|iPhoneSimulator.ActiveCfg = Release|Any CPU
		{4E329F28-FD3E-4AC7-882B-29EB7A1B30BC}.Release|Mixed Platforms.ActiveCfg = Release|x86
		{4E329F28-FD3E-4AC7-882B-29EB7A1B30BC}.Release|Mixed Platforms.Build.0 = Release|x86
		{4E329F28-FD3E-4AC7-882B-29EB7A1B30BC}.Release|Mixed Platforms.Deploy.0 = Release|x86
		{4E329F28-FD3E-4AC7-882B-29EB7A1B30BC}.Release|x86.ActiveCfg = Release|x86
		{4E329F28-FD3E-4AC7-882B-29EB7A1B30BC}.Release|x86.Build.0 = Release|x86
		{4E329F28-FD3E-4AC7-882B-29EB7A1B30BC}.Release|x86.Deploy.0 = Release|x86
		{1BAE7A8A-8174-471B-9FD7-0F3C19AACF6D}.Ad-Hoc|Any CPU.ActiveCfg = Ad-Hoc|iPhone
		{1BAE7A8A-8174-471B-9FD7-0F3C19AACF6D}.Ad-Hoc|ARM.ActiveCfg = Ad-Hoc|iPhone
		{1BAE7A8A-8174-471B-9FD7-0F3C19AACF6D}.Ad-Hoc|iPhone.ActiveCfg = Ad-Hoc|iPhone
		{1BAE7A8A-8174-471B-9FD7-0F3C19AACF6D}.Ad-Hoc|iPhone.Build.0 = Ad-Hoc|iPhone
		{1BAE7A8A-8174-471B-9FD7-0F3C19AACF6D}.Ad-Hoc|iPhoneSimulator.ActiveCfg = Ad-Hoc|iPhoneSimulator
		{1BAE7A8A-8174-471B-9FD7-0F3C19AACF6D}.Ad-Hoc|iPhoneSimulator.Build.0 = Ad-Hoc|iPhoneSimulator
		{1BAE7A8A-8174-471B-9FD7-0F3C19AACF6D}.Ad-Hoc|Mixed Platforms.ActiveCfg = Ad-Hoc|iPhone
		{1BAE7A8A-8174-471B-9FD7-0F3C19AACF6D}.Ad-Hoc|Mixed Platforms.Build.0 = Ad-Hoc|iPhone
		{1BAE7A8A-8174-471B-9FD7-0F3C19AACF6D}.Ad-Hoc|x86.ActiveCfg = Ad-Hoc|iPhone
		{1BAE7A8A-8174-471B-9FD7-0F3C19AACF6D}.AppStore|Any CPU.ActiveCfg = AppStore|iPhone
		{1BAE7A8A-8174-471B-9FD7-0F3C19AACF6D}.AppStore|ARM.ActiveCfg = AppStore|iPhone
		{1BAE7A8A-8174-471B-9FD7-0F3C19AACF6D}.AppStore|iPhone.ActiveCfg = AppStore|iPhone
		{1BAE7A8A-8174-471B-9FD7-0F3C19AACF6D}.AppStore|iPhone.Build.0 = AppStore|iPhone
		{1BAE7A8A-8174-471B-9FD7-0F3C19AACF6D}.AppStore|iPhoneSimulator.ActiveCfg = AppStore|iPhoneSimulator
		{1BAE7A8A-8174-471B-9FD7-0F3C19AACF6D}.AppStore|iPhoneSimulator.Build.0 = AppStore|iPhoneSimulator
		{1BAE7A8A-8174-471B-9FD7-0F3C19AACF6D}.AppStore|Mixed Platforms.ActiveCfg = AppStore|iPhone
		{1BAE7A8A-8174-471B-9FD7-0F3C19AACF6D}.AppStore|Mixed Platforms.Build.0 = AppStore|iPhone
		{1BAE7A8A-8174-471B-9FD7-0F3C19AACF6D}.AppStore|x86.ActiveCfg = AppStore|iPhone
		{1BAE7A8A-8174-471B-9FD7-0F3C19AACF6D}.Debug|Any CPU.ActiveCfg = Debug|iPhone
		{1BAE7A8A-8174-471B-9FD7-0F3C19AACF6D}.Debug|ARM.ActiveCfg = Debug|iPhone
		{1BAE7A8A-8174-471B-9FD7-0F3C19AACF6D}.Debug|iPhone.ActiveCfg = Debug|iPhone
		{1BAE7A8A-8174-471B-9FD7-0F3C19AACF6D}.Debug|iPhone.Build.0 = Debug|iPhone
		{1BAE7A8A-8174-471B-9FD7-0F3C19AACF6D}.Debug|iPhoneSimulator.ActiveCfg = Debug|iPhoneSimulator
		{1BAE7A8A-8174-471B-9FD7-0F3C19AACF6D}.Debug|iPhoneSimulator.Build.0 = Debug|iPhoneSimulator
		{1BAE7A8A-8174-471B-9FD7-0F3C19AACF6D}.Debug|Mixed Platforms.ActiveCfg = Debug|iPhone
		{1BAE7A8A-8174-471B-9FD7-0F3C19AACF6D}.Debug|Mixed Platforms.Build.0 = Debug|iPhone
		{1BAE7A8A-8174-471B-9FD7-0F3C19AACF6D}.Debug|x86.ActiveCfg = Debug|iPhone
		{1BAE7A8A-8174-471B-9FD7-0F3C19AACF6D}.Release|Any CPU.ActiveCfg = Release|iPhone
		{1BAE7A8A-8174-471B-9FD7-0F3C19AACF6D}.Release|ARM.ActiveCfg = Release|iPhone
		{1BAE7A8A-8174-471B-9FD7-0F3C19AACF6D}.Release|iPhone.ActiveCfg = Release|iPhone
		{1BAE7A8A-8174-471B-9FD7-0F3C19AACF6D}.Release|iPhone.Build.0 = Release|iPhone
		{1BAE7A8A-8174-471B-9FD7-0F3C19AACF6D}.Release|iPhoneSimulator.ActiveCfg = Release|iPhoneSimulator
		{1BAE7A8A-8174-471B-9FD7-0F3C19AACF6D}.Release|iPhoneSimulator.Build.0 = Release|iPhoneSimulator
		{1BAE7A8A-8174-471B-9FD7-0F3C19AACF6D}.Release|Mixed Platforms.ActiveCfg = Release|iPhone
		{1BAE7A8A-8174-471B-9FD7-0F3C19AACF6D}.Release|Mixed Platforms.Build.0 = Release|iPhone
		{1BAE7A8A-8174-471B-9FD7-0F3C19AACF6D}.Release|x86.ActiveCfg = Release|iPhone
		{F40FDA27-9CB8-4A7B-9428-7F0FE047792F}.Ad-Hoc|Any CPU.ActiveCfg = Release|Any CPU
		{F40FDA27-9CB8-4A7B-9428-7F0FE047792F}.Ad-Hoc|Any CPU.Build.0 = Release|Any CPU
		{F40FDA27-9CB8-4A7B-9428-7F0FE047792F}.Ad-Hoc|Any CPU.Deploy.0 = Release|Any CPU
		{F40FDA27-9CB8-4A7B-9428-7F0FE047792F}.Ad-Hoc|ARM.ActiveCfg = Release|Any CPU
		{F40FDA27-9CB8-4A7B-9428-7F0FE047792F}.Ad-Hoc|iPhone.ActiveCfg = Release|Any CPU
		{F40FDA27-9CB8-4A7B-9428-7F0FE047792F}.Ad-Hoc|iPhoneSimulator.ActiveCfg = Release|Any CPU
		{F40FDA27-9CB8-4A7B-9428-7F0FE047792F}.Ad-Hoc|Mixed Platforms.ActiveCfg = Release|Any CPU
		{F40FDA27-9CB8-4A7B-9428-7F0FE047792F}.Ad-Hoc|Mixed Platforms.Build.0 = Release|Any CPU
		{F40FDA27-9CB8-4A7B-9428-7F0FE047792F}.Ad-Hoc|Mixed Platforms.Deploy.0 = Release|Any CPU
		{F40FDA27-9CB8-4A7B-9428-7F0FE047792F}.Ad-Hoc|x86.ActiveCfg = Release|Any CPU
		{F40FDA27-9CB8-4A7B-9428-7F0FE047792F}.AppStore|Any CPU.ActiveCfg = Release|Any CPU
		{F40FDA27-9CB8-4A7B-9428-7F0FE047792F}.AppStore|Any CPU.Build.0 = Release|Any CPU
		{F40FDA27-9CB8-4A7B-9428-7F0FE047792F}.AppStore|Any CPU.Deploy.0 = Release|Any CPU
		{F40FDA27-9CB8-4A7B-9428-7F0FE047792F}.AppStore|ARM.ActiveCfg = Release|Any CPU
		{F40FDA27-9CB8-4A7B-9428-7F0FE047792F}.AppStore|iPhone.ActiveCfg = Release|Any CPU
		{F40FDA27-9CB8-4A7B-9428-7F0FE047792F}.AppStore|iPhoneSimulator.ActiveCfg = Release|Any CPU
		{F40FDA27-9CB8-4A7B-9428-7F0FE047792F}.AppStore|Mixed Platforms.ActiveCfg = Release|Any CPU
		{F40FDA27-9CB8-4A7B-9428-7F0FE047792F}.AppStore|Mixed Platforms.Build.0 = Release|Any CPU
		{F40FDA27-9CB8-4A7B-9428-7F0FE047792F}.AppStore|Mixed Platforms.Deploy.0 = Release|Any CPU
		{F40FDA27-9CB8-4A7B-9428-7F0FE047792F}.AppStore|x86.ActiveCfg = Release|Any CPU
		{F40FDA27-9CB8-4A7B-9428-7F0FE047792F}.Debug|Any CPU.ActiveCfg = Debug|Any CPU
		{F40FDA27-9CB8-4A7B-9428-7F0FE047792F}.Debug|Any CPU.Build.0 = Debug|Any CPU
		{F40FDA27-9CB8-4A7B-9428-7F0FE047792F}.Debug|Any CPU.Deploy.0 = Debug|Any CPU
		{F40FDA27-9CB8-4A7B-9428-7F0FE047792F}.Debug|ARM.ActiveCfg = Debug|Any CPU
		{F40FDA27-9CB8-4A7B-9428-7F0FE047792F}.Debug|iPhone.ActiveCfg = Debug|Any CPU
		{F40FDA27-9CB8-4A7B-9428-7F0FE047792F}.Debug|iPhoneSimulator.ActiveCfg = Debug|Any CPU
		{F40FDA27-9CB8-4A7B-9428-7F0FE047792F}.Debug|Mixed Platforms.ActiveCfg = Debug|Any CPU
		{F40FDA27-9CB8-4A7B-9428-7F0FE047792F}.Debug|Mixed Platforms.Build.0 = Debug|Any CPU
		{F40FDA27-9CB8-4A7B-9428-7F0FE047792F}.Debug|Mixed Platforms.Deploy.0 = Debug|Any CPU
		{F40FDA27-9CB8-4A7B-9428-7F0FE047792F}.Debug|x86.ActiveCfg = Debug|Any CPU
		{F40FDA27-9CB8-4A7B-9428-7F0FE047792F}.Release|Any CPU.ActiveCfg = Release|Any CPU
		{F40FDA27-9CB8-4A7B-9428-7F0FE047792F}.Release|Any CPU.Build.0 = Release|Any CPU
		{F40FDA27-9CB8-4A7B-9428-7F0FE047792F}.Release|Any CPU.Deploy.0 = Release|Any CPU
		{F40FDA27-9CB8-4A7B-9428-7F0FE047792F}.Release|ARM.ActiveCfg = Release|Any CPU
		{F40FDA27-9CB8-4A7B-9428-7F0FE047792F}.Release|iPhone.ActiveCfg = Release|Any CPU
		{F40FDA27-9CB8-4A7B-9428-7F0FE047792F}.Release|iPhoneSimulator.ActiveCfg = Release|Any CPU
		{F40FDA27-9CB8-4A7B-9428-7F0FE047792F}.Release|Mixed Platforms.ActiveCfg = Release|Any CPU
		{F40FDA27-9CB8-4A7B-9428-7F0FE047792F}.Release|Mixed Platforms.Build.0 = Release|Any CPU
		{F40FDA27-9CB8-4A7B-9428-7F0FE047792F}.Release|Mixed Platforms.Deploy.0 = Release|Any CPU
		{F40FDA27-9CB8-4A7B-9428-7F0FE047792F}.Release|x86.ActiveCfg = Release|Any CPU
	EndGlobalSection
	GlobalSection(SolutionProperties) = preSolution
		HideSolutionNode = FALSE
	EndGlobalSection
EndGlobal
